
Microsoft Visual Studio Solution File, Format Version 12.00
# Visual Studio Version 16
VisualStudioVersion = 16.0.30320.27
MinimumVisualStudioVersion = 10.0.40219.1
Project("{FAE04EC0-301F-11D3-BF4B-00C04F79EFBC}") = "MathQuiz", "MathQuiz.csproj", "{FD4CD8CE-DD10-4588-97C7-F6AAEBE37420}"
EndProject
Global
	GlobalSection(SolutionConfigurationPlatforms) = preSolution
		Debug|Any CPU = Debug|Any CPU
		Release|Any CPU = Release|Any CPU
	EndGlobalSection
	GlobalSection(ProjectConfigurationPlatforms) = postSolution
		{FD4CD8CE-DD10-4588-97C7-F6AAEBE37420}.Debug|Any CPU.ActiveCfg = Debug|Any CPU
		{FD4CD8CE-DD10-4588-97C7-F6AAEBE37420}.Debug|Any CPU.Build.0 = Debug|Any CPU
		{FD4CD8CE-DD10-4588-97C7-F6AAEBE37420}.Release|Any CPU.ActiveCfg = Release|Any CPU
		{FD4CD8CE-DD10-4588-97C7-F6AAEBE37420}.Release|Any CPU.Build.0 = Release|Any CPU
	EndGlobalSection
	GlobalSection(SolutionProperties) = preSolution
		HideSolutionNode = FALSE
	EndGlobalSection
	GlobalSection(ExtensibilityGlobals) = postSolution
		SolutionGuid = {85C7CA1A-E1C4-4364-B58E-2B61F9867BE8}
	EndGlobalSection
EndGlobal
